
Microsoft Visual Studio Solution File, Format Version 12.00
# Visual Studio Version 17
VisualStudioVersion = 17.10.35027.167
MinimumVisualStudioVersion = 10.0.40219.1
Project("{FAE04EC0-301F-11D3-BF4B-00C04F79EFBC}") = "ApiRabbitMQ", "ApiRabbitMQ\ApiRabbitMQ.csproj", "{66067D24-51A7-4D70-9D72-7609227BC51C}"
EndProject
Project("{FAE04EC0-301F-11D3-BF4B-00C04F79EFBC}") = "ApiRabbitMQ.ConsoleApp", "ApiRabbitMQ.ConsoleApp\ApiRabbitMQ.ConsoleApp.csproj", "{71BB92B5-6579-4131-AA9B-4E19303E51C6}"
EndProject
Global
	GlobalSection(SolutionConfigurationPlatforms) = preSolution
		Debug|Any CPU = Debug|Any CPU
		Release|Any CPU = Release|Any CPU
	EndGlobalSection
	GlobalSection(ProjectConfigurationPlatforms) = postSolution
		{66067D24-51A7-4D70-9D72-7609227BC51C}.Debug|Any CPU.ActiveCfg = Debug|Any CPU
		{66067D24-51A7-4D70-9D72-7609227BC51C}.Debug|Any CPU.Build.0 = Debug|Any CPU
		{66067D24-51A7-4D70-9D72-7609227BC51C}.Release|Any CPU.ActiveCfg = Release|Any CPU
		{66067D24-51A7-4D70-9D72-7609227BC51C}.Release|Any CPU.Build.0 = Release|Any CPU
		{71BB92B5-6579-4131-AA9B-4E19303E51C6}.Debug|Any CPU.ActiveCfg = Debug|Any CPU
		{71BB92B5-6579-4131-AA9B-4E19303E51C6}.Debug|Any CPU.Build.0 = Debug|Any CPU
		{71BB92B5-6579-4131-AA9B-4E19303E51C6}.Release|Any CPU.ActiveCfg = Release|Any CPU
		{71BB92B5-6579-4131-AA9B-4E19303E51C6}.Release|Any CPU.Build.0 = Release|Any CPU
	EndGlobalSection
	GlobalSection(SolutionProperties) = preSolution
		HideSolutionNode = FALSE
	EndGlobalSection
	GlobalSection(ExtensibilityGlobals) = postSolution
		SolutionGuid = {5AAE9DBC-8400-4A88-9FB3-A5F8A93E2A44}
	EndGlobalSection
EndGlobal
